
Microsoft Visual Studio Solution File, Format Version 12.00
# Visual Studio 15
VisualStudioVersion = 15.0.26730.12
MinimumVisualStudioVersion = 10.0.40219.1
Project("{FAE04EC0-301F-11D3-BF4B-00C04F79EFBC}") = "BDD_FilRouge3emePartie", "BDD_FilRouge3emePartie\BDD_FilRouge3emePartie.csproj", "{6FFCAB94-03D0-42DB-B416-E0DDD4768CFE}"
EndProject
Global
	GlobalSection(SolutionConfigurationPlatforms) = preSolution
		Debug|Any CPU = Debug|Any CPU
		Release|Any CPU = Release|Any CPU
	EndGlobalSection
	GlobalSection(ProjectConfigurationPlatforms) = postSolution
		{6FFCAB94-03D0-42DB-B416-E0DDD4768CFE}.Debug|Any CPU.ActiveCfg = Debug|Any CPU
		{6FFCAB94-03D0-42DB-B416-E0DDD4768CFE}.Debug|Any CPU.Build.0 = Debug|Any CPU
		{6FFCAB94-03D0-42DB-B416-E0DDD4768CFE}.Release|Any CPU.ActiveCfg = Release|Any CPU
		{6FFCAB94-03D0-42DB-B416-E0DDD4768CFE}.Release|Any CPU.Build.0 = Release|Any CPU
	EndGlobalSection
	GlobalSection(SolutionProperties) = preSolution
		HideSolutionNode = FALSE
	EndGlobalSection
	GlobalSection(ExtensibilityGlobals) = postSolution
		SolutionGuid = {36F62C10-019A-414A-A440-F406A5C98065}
	EndGlobalSection
EndGlobal
